
Microsoft Visual Studio Solution File, Format Version 12.00
# Visual Studio 15
VisualStudioVersion = 15.0.27703.2018
MinimumVisualStudioVersion = 10.0.40219.1
Project("{9A19103F-16F7-4668-BE54-9A1E7A4F7556}") = "Demo.EmailNotifications.API", "Demo.EmailNotifications.API\Demo.EmailNotifications.API.csproj", "{E8827779-AB3A-4E8E-BBCC-8CC4B3A79613}"
EndProject
Project("{9A19103F-16F7-4668-BE54-9A1E7A4F7556}") = "Demo.EmailNotifications.Business", "Demo.EmailNotifications.Business\Demo.EmailNotifications.Business.csproj", "{2EA497A8-FF4E-4BDE-88A8-348DD1E99FD4}"
EndProject
Project("{9A19103F-16F7-4668-BE54-9A1E7A4F7556}") = "Demo.EmailNotifications.Entities", "Demo.EmailNotifications.Entities\Demo.EmailNotifications.Entities.csproj", "{99E8CAD3-E1E4-43C4-B34D-F8185C3A1FE2}"
EndProject
Global
	GlobalSection(SolutionConfigurationPlatforms) = preSolution
		Debug|Any CPU = Debug|Any CPU
		Release|Any CPU = Release|Any CPU
	EndGlobalSection
	GlobalSection(ProjectConfigurationPlatforms) = postSolution
		{E8827779-AB3A-4E8E-BBCC-8CC4B3A79613}.Debug|Any CPU.ActiveCfg = Debug|Any CPU
		{E8827779-AB3A-4E8E-BBCC-8CC4B3A79613}.Debug|Any CPU.Build.0 = Debug|Any CPU
		{E8827779-AB3A-4E8E-BBCC-8CC4B3A79613}.Release|Any CPU.ActiveCfg = Release|Any CPU
		{E8827779-AB3A-4E8E-BBCC-8CC4B3A79613}.Release|Any CPU.Build.0 = Release|Any CPU
		{2EA497A8-FF4E-4BDE-88A8-348DD1E99FD4}.Debug|Any CPU.ActiveCfg = Debug|Any CPU
		{2EA497A8-FF4E-4BDE-88A8-348DD1E99FD4}.Debug|Any CPU.Build.0 = Debug|Any CPU
		{2EA497A8-FF4E-4BDE-88A8-348DD1E99FD4}.Release|Any CPU.ActiveCfg = Release|Any CPU
		{2EA497A8-FF4E-4BDE-88A8-348DD1E99FD4}.Release|Any CPU.Build.0 = Release|Any CPU
		{99E8CAD3-E1E4-43C4-B34D-F8185C3A1FE2}.Debug|Any CPU.ActiveCfg = Debug|Any CPU
		{99E8CAD3-E1E4-43C4-B34D-F8185C3A1FE2}.Debug|Any CPU.Build.0 = Debug|Any CPU
		{99E8CAD3-E1E4-43C4-B34D-F8185C3A1FE2}.Release|Any CPU.ActiveCfg = Release|Any CPU
		{99E8CAD3-E1E4-43C4-B34D-F8185C3A1FE2}.Release|Any CPU.Build.0 = Release|Any CPU
	EndGlobalSection
	GlobalSection(SolutionProperties) = preSolution
		HideSolutionNode = FALSE
	EndGlobalSection
	GlobalSection(ExtensibilityGlobals) = postSolution
		SolutionGuid = {F0851099-16C9-459B-9CF9-12900766DCE8}
	EndGlobalSection
EndGlobal
